// !$*UTF8*$!
{
	archiveVersion = 1;
	classes = {
	};
	objectVersion = 56;
	objects = {

/* Begin PBXBuildFile section */
		7F228BDC29FC0D3D00BCDFDB /* AppDelegate.swift in Sources */ = {isa = PBXBuildFile; fileRef = 7F228BDB29FC0D3D00BCDFDB /* AppDelegate.swift */; };
		7F228BDE29FC0D3D00BCDFDB /* SceneDelegate.swift in Sources */ = {isa = PBXBuildFile; fileRef = 7F228BDD29FC0D3D00BCDFDB /* SceneDelegate.swift */; };
		7F228BE029FC0D3D00BCDFDB /* ViewController.swift in Sources */ = {isa = PBXBuildFile; fileRef = 7F228BDF29FC0D3D00BCDFDB /* ViewController.swift */; };
		7F228BE329FC0D3D00BCDFDB /* Main.storyboard in Resources */ = {isa = PBXBuildFile; fileRef = 7F228BE129FC0D3D00BCDFDB /* Main.storyboard */; };
		7F228BE529FC0D3E00BCDFDB /* Assets.xcassets in Resources */ = {isa = PBXBuildFile; fileRef = 7F228BE429FC0D3E00BCDFDB /* Assets.xcassets */; };
		7F228BE829FC0D3E00BCDFDB /* LaunchScreen.storyboard in Resources */ = {isa = PBXBuildFile; fileRef = 7F228BE629FC0D3E00BCDFDB /* LaunchScreen.storyboard */; };
		7F228BF029FC0D8E00BCDFDB /* MainTabBarController.swift in Sources */ = {isa = PBXBuildFile; fileRef = 7F228BEF29FC0D8E00BCDFDB /* MainTabBarController.swift */; };
		7F228BF329FC1D5900BCDFDB /* AppSearchController.swift in Sources */ = {isa = PBXBuildFile; fileRef = 7F228BF229FC1D5900BCDFDB /* AppSearchController.swift */; };
		7F228BF629FC217200BCDFDB /* SearchResultCell.swift in Sources */ = {isa = PBXBuildFile; fileRef = 7F228BF529FC217200BCDFDB /* SearchResultCell.swift */; };
		7F228BF929FD148700BCDFDB /* UIView+Layout.swift in Sources */ = {isa = PBXBuildFile; fileRef = 7F228BF829FD148700BCDFDB /* UIView+Layout.swift */; };
		7F228BFB29FD183A00BCDFDB /* VerticalStackView.swift in Sources */ = {isa = PBXBuildFile; fileRef = 7F228BFA29FD183A00BCDFDB /* VerticalStackView.swift */; };
		7F228BFE29FD21F000BCDFDB /* SearchResult.swift in Sources */ = {isa = PBXBuildFile; fileRef = 7F228BFD29FD21F000BCDFDB /* SearchResult.swift */; };
		7F228C0129FD275700BCDFDB /* Service.swift in Sources */ = {isa = PBXBuildFile; fileRef = 7F228C0029FD275700BCDFDB /* Service.swift */; };
/* End PBXBuildFile section */

/* Begin PBXFileReference section */
		7F228BD829FC0D3D00BCDFDB /* AppStore.app */ = {isa = PBXFileReference; explicitFileType = wrapper.application; includeInIndex = 0; path = AppStore.app; sourceTree = BUILT_PRODUCTS_DIR; };
		7F228BDB29FC0D3D00BCDFDB /* AppDelegate.swift */ = {isa = PBXFileReference; lastKnownFileType = sourcecode.swift; path = AppDelegate.swift; sourceTree = "<group>"; };
		7F228BDD29FC0D3D00BCDFDB /* SceneDelegate.swift */ = {isa = PBXFileReference; lastKnownFileType = sourcecode.swift; path = SceneDelegate.swift; sourceTree = "<group>"; };
		7F228BDF29FC0D3D00BCDFDB /* ViewController.swift */ = {isa = PBXFileReference; lastKnownFileType = sourcecode.swift; path = ViewController.swift; sourceTree = "<group>"; };
		7F228BE229FC0D3D00BCDFDB /* Base */ = {isa = PBXFileReference; lastKnownFileType = file.storyboard; name = Base; path = Base.lproj/Main.storyboard; sourceTree = "<group>"; };
		7F228BE429FC0D3E00BCDFDB /* Assets.xcassets */ = {isa = PBXFileReference; lastKnownFileType = folder.assetcatalog; path = Assets.xcassets; sourceTree = "<group>"; };
		7F228BE729FC0D3E00BCDFDB /* Base */ = {isa = PBXFileReference; lastKnownFileType = file.storyboard; name = Base; path = Base.lproj/LaunchScreen.storyboard; sourceTree = "<group>"; };
		7F228BE929FC0D3E00BCDFDB /* Info.plist */ = {isa = PBXFileReference; lastKnownFileType = text.plist.xml; path = Info.plist; sourceTree = "<group>"; };
		7F228BEF29FC0D8E00BCDFDB /* MainTabBarController.swift */ = {isa = PBXFileReference; lastKnownFileType = sourcecode.swift; path = MainTabBarController.swift; sourceTree = "<group>"; };
		7F228BF229FC1D5900BCDFDB /* AppSearchController.swift */ = {isa = PBXFileReference; lastKnownFileType = sourcecode.swift; path = AppSearchController.swift; sourceTree = "<group>"; };
		7F228BF529FC217200BCDFDB /* SearchResultCell.swift */ = {isa = PBXFileReference; lastKnownFileType = sourcecode.swift; path = SearchResultCell.swift; sourceTree = "<group>"; };
		7F228BF829FD148700BCDFDB /* UIView+Layout.swift */ = {isa = PBXFileReference; fileEncoding = 4; lastKnownFileType = sourcecode.swift; path = "UIView+Layout.swift"; sourceTree = "<group>"; };
		7F228BFA29FD183A00BCDFDB /* VerticalStackView.swift */ = {isa = PBXFileReference; lastKnownFileType = sourcecode.swift; path = VerticalStackView.swift; sourceTree = "<group>"; };
		7F228BFD29FD21F000BCDFDB /* SearchResult.swift */ = {isa = PBXFileReference; lastKnownFileType = sourcecode.swift; path = SearchResult.swift; sourceTree = "<group>"; };
		7F228C0029FD275700BCDFDB /* Service.swift */ = {isa = PBXFileReference; lastKnownFileType = sourcecode.swift; path = Service.swift; sourceTree = "<group>"; };
/* End PBXFileReference section */

/* Begin PBXFrameworksBuildPhase section */
		7F228BD529FC0D3D00BCDFDB /* Frameworks */ = {
			isa = PBXFrameworksBuildPhase;
			buildActionMask = 2147483647;
			files = (
			);
			runOnlyForDeploymentPostprocessing = 0;
		};
/* End PBXFrameworksBuildPhase section */

/* Begin PBXGroup section */
		7F228BCF29FC0D3D00BCDFDB = {
			isa = PBXGroup;
			children = (
				7F228BDA29FC0D3D00BCDFDB /* AppStore */,
				7F228BD929FC0D3D00BCDFDB /* Products */,
			);
			sourceTree = "<group>";
		};
		7F228BD929FC0D3D00BCDFDB /* Products */ = {
			isa = PBXGroup;
			children = (
				7F228BD829FC0D3D00BCDFDB /* AppStore.app */,
			);
			name = Products;
			sourceTree = "<group>";
		};
		7F228BDA29FC0D3D00BCDFDB /* AppStore */ = {
			isa = PBXGroup;
			children = (
				7F228BFF29FD274400BCDFDB /* Service */,
				7F228BFC29FD21DA00BCDFDB /* Model */,
				7F228BF729FD146F00BCDFDB /* Helpers */,
				7F228BF429FC215F00BCDFDB /* Views */,
				7F228BF129FC1D3100BCDFDB /* Controller */,
				7F228BDB29FC0D3D00BCDFDB /* AppDelegate.swift */,
				7F228BDD29FC0D3D00BCDFDB /* SceneDelegate.swift */,
				7F228BDF29FC0D3D00BCDFDB /* ViewController.swift */,
				7F228BE129FC0D3D00BCDFDB /* Main.storyboard */,
				7F228BE429FC0D3E00BCDFDB /* Assets.xcassets */,
				7F228BE629FC0D3E00BCDFDB /* LaunchScreen.storyboard */,
				7F228BE929FC0D3E00BCDFDB /* Info.plist */,
			);
			path = AppStore;
			sourceTree = "<group>";
		};
		7F228BF129FC1D3100BCDFDB /* Controller */ = {
			isa = PBXGroup;
			children = (
				7F228BEF29FC0D8E00BCDFDB /* MainTabBarController.swift */,
				7F228BF229FC1D5900BCDFDB /* AppSearchController.swift */,
			);
			path = Controller;
			sourceTree = "<group>";
		};
		7F228BF429FC215F00BCDFDB /* Views */ = {
			isa = PBXGroup;
			children = (
				7F228BF529FC217200BCDFDB /* SearchResultCell.swift */,
			);
			path = Views;
			sourceTree = "<group>";
		};
		7F228BF729FD146F00BCDFDB /* Helpers */ = {
			isa = PBXGroup;
			children = (
				7F228BF829FD148700BCDFDB /* UIView+Layout.swift */,
				7F228BFA29FD183A00BCDFDB /* VerticalStackView.swift */,
			);
			path = Helpers;
			sourceTree = "<group>";
		};
		7F228BFC29FD21DA00BCDFDB /* Model */ = {
			isa = PBXGroup;
			children = (
				7F228BFD29FD21F000BCDFDB /* SearchResult.swift */,
			);
			path = Model;
			sourceTree = "<group>";
		};
		7F228BFF29FD274400BCDFDB /* Service */ = {
			isa = PBXGroup;
			children = (
				7F228C0029FD275700BCDFDB /* Service.swift */,
			);
			path = Service;
			sourceTree = "<group>";
		};
/* End PBXGroup section */

/* Begin PBXNativeTarget section */
		7F228BD729FC0D3D00BCDFDB /* AppStore */ = {
			isa = PBXNativeTarget;
			buildConfigurationList = 7F228BEC29FC0D3E00BCDFDB /* Build configuration list for PBXNativeTarget "AppStore" */;
			buildPhases = (
				7F228BD429FC0D3D00BCDFDB /* Sources */,
				7F228BD529FC0D3D00BCDFDB /* Frameworks */,
				7F228BD629FC0D3D00BCDFDB /* Resources */,
			);
			buildRules = (
			);
			dependencies = (
			);
			name = AppStore;
			productName = AppStore;
			productReference = 7F228BD829FC0D3D00BCDFDB /* AppStore.app */;
			productType = "com.apple.product-type.application";
		};
/* End PBXNativeTarget section */

/* Begin PBXProject section */
		7F228BD029FC0D3D00BCDFDB /* Project object */ = {
			isa = PBXProject;
			attributes = {
				BuildIndependentTargetsInParallel = 1;
				LastSwiftUpdateCheck = 1430;
				LastUpgradeCheck = 1430;
				TargetAttributes = {
					7F228BD729FC0D3D00BCDFDB = {
						CreatedOnToolsVersion = 14.3;
					};
				};
			};
			buildConfigurationList = 7F228BD329FC0D3D00BCDFDB /* Build configuration list for PBXProject "AppStore" */;
			compatibilityVersion = "Xcode 14.0";
			developmentRegion = en;
			hasScannedForEncodings = 0;
			knownRegions = (
				en,
				Base,
			);
			mainGroup = 7F228BCF29FC0D3D00BCDFDB;
			productRefGroup = 7F228BD929FC0D3D00BCDFDB /* Products */;
			projectDirPath = "";
			projectRoot = "";
			targets = (
				7F228BD729FC0D3D00BCDFDB /* AppStore */,
			);
		};
/* End PBXProject section */

/* Begin PBXResourcesBuildPhase section */
		7F228BD629FC0D3D00BCDFDB /* Resources */ = {
			isa = PBXResourcesBuildPhase;
			buildActionMask = 2147483647;
			files = (
				7F228BE829FC0D3E00BCDFDB /* LaunchScreen.storyboard in Resources */,
				7F228BE529FC0D3E00BCDFDB /* Assets.xcassets in Resources */,
				7F228BE329FC0D3D00BCDFDB /* Main.storyboard in Resources */,
			);
			runOnlyForDeploymentPostprocessing = 0;
		};
/* End PBXResourcesBuildPhase section */

/* Begin PBXSourcesBuildPhase section */
		7F228BD429FC0D3D00BCDFDB /* Sources */ = {
			isa = PBXSourcesBuildPhase;
			buildActionMask = 2147483647;
			files = (
				7F228BE029FC0D3D00BCDFDB /* ViewController.swift in Sources */,
				7F228BFE29FD21F000BCDFDB /* SearchResult.swift in Sources */,
				7F228BF329FC1D5900BCDFDB /* AppSearchController.swift in Sources */,
				7F228BF029FC0D8E00BCDFDB /* MainTabBarController.swift in Sources */,
				7F228BDC29FC0D3D00BCDFDB /* AppDelegate.swift in Sources */,
				7F228BF629FC217200BCDFDB /* SearchResultCell.swift in Sources */,
				7F228BFB29FD183A00BCDFDB /* VerticalStackView.swift in Sources */,
				7F228C0129FD275700BCDFDB /* Service.swift in Sources */,
				7F228BF929FD148700BCDFDB /* UIView+Layout.swift in Sources */,
				7F228BDE29FC0D3D00BCDFDB /* SceneDelegate.swift in Sources */,
			);
			runOnlyForDeploymentPostprocessing = 0;
		};
/* End PBXSourcesBuildPhase section */

/* Begin PBXVariantGroup section */
		7F228BE129FC0D3D00BCDFDB /* Main.storyboard */ = {
			isa = PBXVariantGroup;
			children = (
				7F228BE229FC0D3D00BCDFDB /* Base */,
			);
			name = Main.storyboard;
			sourceTree = "<group>";
		};
		7F228BE629FC0D3E00BCDFDB /* LaunchScreen.storyboard */ = {
			isa = PBXVariantGroup;
			children = (
				7F228BE729FC0D3E00BCDFDB /* Base */,
			);
			name = LaunchScreen.storyboard;
			sourceTree = "<group>";
		};
/* End PBXVariantGroup section */

/* Begin XCBuildConfiguration section */
		7F228BEA29FC0D3E00BCDFDB /* Debug */ = {
			isa = XCBuildConfiguration;
			buildSettings = {
				ALWAYS_SEARCH_USER_PATHS = NO;
				CLANG_ANALYZER_NONNULL = YES;
				CLANG_ANALYZER_NUMBER_OBJECT_CONVERSION = YES_AGGRESSIVE;
				CLANG_CXX_LANGUAGE_STANDARD = "gnu++20";
				CLANG_ENABLE_MODULES = YES;
				CLANG_ENABLE_OBJC_ARC = YES;
				CLANG_ENABLE_OBJC_WEAK = YES;
				CLANG_WARN_BLOCK_CAPTURE_AUTORELEASING = YES;
				CLANG_WARN_BOOL_CONVERSION = YES;
				CLANG_WARN_COMMA = YES;
				CLANG_WARN_CONSTANT_CONVERSION = YES;
				CLANG_WARN_DEPRECATED_OBJC_IMPLEMENTATIONS = YES;
				CLANG_WARN_DIRECT_OBJC_ISA_USAGE = YES_ERROR;
				CLANG_WARN_DOCUMENTATION_COMMENTS = YES;
				CLANG_WARN_EMPTY_BODY = YES;
				CLANG_WARN_ENUM_CONVERSION = YES;
				CLANG_WARN_INFINITE_RECURSION = YES;
				CLANG_WARN_INT_CONVERSION = YES;
				CLANG_WARN_NON_LITERAL_NULL_CONVERSION = YES;
				CLANG_WARN_OBJC_IMPLICIT_RETAIN_SELF = YES;
				CLANG_WARN_OBJC_LITERAL_CONVERSION = YES;
				CLANG_WARN_OBJC_ROOT_CLASS = YES_ERROR;
				CLANG_WARN_QUOTED_INCLUDE_IN_FRAMEWORK_HEADER = YES;
				CLANG_WARN_RANGE_LOOP_ANALYSIS = YES;
				CLANG_WARN_STRICT_PROTOTYPES = YES;
				CLANG_WARN_SUSPICIOUS_MOVE = YES;
				CLANG_WARN_UNGUARDED_AVAILABILITY = YES_AGGRESSIVE;
				CLANG_WARN_UNREACHABLE_CODE = YES;
				CLANG_WARN__DUPLICATE_METHOD_MATCH = YES;
				COPY_PHASE_STRIP = NO;
				DEBUG_INFORMATION_FORMAT = dwarf;
				ENABLE_STRICT_OBJC_MSGSEND = YES;
				ENABLE_TESTABILITY = YES;
				GCC_C_LANGUAGE_STANDARD = gnu11;
				GCC_DYNAMIC_NO_PIC = NO;
				GCC_NO_COMMON_BLOCKS = YES;
				GCC_OPTIMIZATION_LEVEL = 0;
				GCC_PREPROCESSOR_DEFINITIONS = (
					"DEBUG=1",
					"$(inherited)",
				);
				GCC_WARN_64_TO_32_BIT_CONVERSION = YES;
				GCC_WARN_ABOUT_RETURN_TYPE = YES_ERROR;
				GCC_WARN_UNDECLARED_SELECTOR = YES;
				GCC_WARN_UNINITIALIZED_AUTOS = YES_AGGRESSIVE;
				GCC_WARN_UNUSED_FUNCTION = YES;
				GCC_WARN_UNUSED_VARIABLE = YES;
				IPHONEOS_DEPLOYMENT_TARGET = 16.4;
				MTL_ENABLE_DEBUG_INFO = INCLUDE_SOURCE;
				MTL_FAST_MATH = YES;
				ONLY_ACTIVE_ARCH = YES;
				SDKROOT = iphoneos;
				SWIFT_ACTIVE_COMPILATION_CONDITIONS = DEBUG;
				SWIFT_OPTIMIZATION_LEVEL = "-Onone";
			};
			name = Debug;
		};
		7F228BEB29FC0D3E00BCDFDB /* Release */ = {
			isa = XCBuildConfiguration;
			buildSettings = {
				ALWAYS_SEARCH_USER_PATHS = NO;
				CLANG_ANALYZER_NONNULL = YES;
				CLANG_ANALYZER_NUMBER_OBJECT_CONVERSION = YES_AGGRESSIVE;
				CLANG_CXX_LANGUAGE_STANDARD = "gnu++20";
				CLANG_ENABLE_MODULES = YES;
				CLANG_ENABLE_OBJC_ARC = YES;
				CLANG_ENABLE_OBJC_WEAK = YES;
				CLANG_WARN_BLOCK_CAPTURE_AUTORELEASING = YES;
				CLANG_WARN_BOOL_CONVERSION = YES;
				CLANG_WARN_COMMA = YES;
				CLANG_WARN_CONSTANT_CONVERSION = YES;
				CLANG_WARN_DEPRECATED_OBJC_IMPLEMENTATIONS = YES;
				CLANG_WARN_DIRECT_OBJC_ISA_USAGE = YES_ERROR;
				CLANG_WARN_DOCUMENTATION_COMMENTS = YES;
				CLANG_WARN_EMPTY_BODY = YES;
				CLANG_WARN_ENUM_CONVERSION = YES;
				CLANG_WARN_INFINITE_RECURSION = YES;
				CLANG_WARN_INT_CONVERSION = YES;
				CLANG_WARN_NON_LITERAL_NULL_CONVERSION = YES;
				CLANG_WARN_OBJC_IMPLICIT_RETAIN_SELF = YES;
				CLANG_WARN_OBJC_LITERAL_CONVERSION = YES;
				CLANG_WARN_OBJC_ROOT_CLASS = YES_ERROR;
				CLANG_WARN_QUOTED_INCLUDE_IN_FRAMEWORK_HEADER = YES;
				CLANG_WARN_RANGE_LOOP_ANALYSIS = YES;
				CLANG_WARN_STRICT_PROTOTYPES = YES;
				CLANG_WARN_SUSPICIOUS_MOVE = YES;
				CLANG_WARN_UNGUARDED_AVAILABILITY = YES_AGGRESSIVE;
				CLANG_WARN_UNREACHABLE_CODE = YES;
				CLANG_WARN__DUPLICATE_METHOD_MATCH = YES;
				COPY_PHASE_STRIP = NO;
				DEBUG_INFORMATION_FORMAT = "dwarf-with-dsym";
				ENABLE_NS_ASSERTIONS = NO;
				ENABLE_STRICT_OBJC_MSGSEND = YES;
				GCC_C_LANGUAGE_STANDARD = gnu11;
				GCC_NO_COMMON_BLOCKS = YES;
				GCC_WARN_64_TO_32_BIT_CONVERSION = YES;
				GCC_WARN_ABOUT_RETURN_TYPE = YES_ERROR;
				GCC_WARN_UNDECLARED_SELECTOR = YES;
				GCC_WARN_UNINITIALIZED_AUTOS = YES_AGGRESSIVE;
				GCC_WARN_UNUSED_FUNCTION = YES;
				GCC_WARN_UNUSED_VARIABLE = YES;
				IPHONEOS_DEPLOYMENT_TARGET = 16.4;
				MTL_ENABLE_DEBUG_INFO = NO;
				MTL_FAST_MATH = YES;
				SDKROOT = iphoneos;
				SWIFT_COMPILATION_MODE = wholemodule;
				SWIFT_OPTIMIZATION_LEVEL = "-O";
				VALIDATE_PRODUCT = YES;
			};
			name = Release;
		};
		7F228BED29FC0D3E00BCDFDB /* Debug */ = {
			isa = XCBuildConfiguration;
			buildSettings = {
				ASSETCATALOG_COMPILER_APPICON_NAME = AppIcon;
				ASSETCATALOG_COMPILER_GLOBAL_ACCENT_COLOR_NAME = AccentColor;
				CODE_SIGN_STYLE = Automatic;
				CURRENT_PROJECT_VERSION = 1;
				DEVELOPMENT_TEAM = SJAHK6DYKA;
				GENERATE_INFOPLIST_FILE = YES;
				INFOPLIST_FILE = AppStore/Info.plist;
				INFOPLIST_KEY_UIApplicationSupportsIndirectInputEvents = YES;
				INFOPLIST_KEY_UILaunchStoryboardName = LaunchScreen;
				INFOPLIST_KEY_UIMainStoryboardFile = Main;
				INFOPLIST_KEY_UISupportedInterfaceOrientations_iPad = "UIInterfaceOrientationPortrait UIInterfaceOrientationPortraitUpsideDown UIInterfaceOrientationLandscapeLeft UIInterfaceOrientationLandscapeRight";
				INFOPLIST_KEY_UISupportedInterfaceOrientations_iPhone = "UIInterfaceOrientationPortrait UIInterfaceOrientationLandscapeLeft UIInterfaceOrientationLandscapeRight";
				LD_RUNPATH_SEARCH_PATHS = (
					"$(inherited)",
					"@executable_path/Frameworks",
				);
				MARKETING_VERSION = 1.0;
				PRODUCT_BUNDLE_IDENTIFIER = hakankorhasan.com.AppStore;
				PRODUCT_NAME = "$(TARGET_NAME)";
				SWIFT_EMIT_LOC_STRINGS = YES;
				SWIFT_VERSION = 5.0;
				TARGETED_DEVICE_FAMILY = "1,2";
			};
			name = Debug;
		};
		7F228BEE29FC0D3E00BCDFDB /* Release */ = {
			isa = XCBuildConfiguration;
			buildSettings = {
				ASSETCATALOG_COMPILER_APPICON_NAME = AppIcon;
				ASSETCATALOG_COMPILER_GLOBAL_ACCENT_COLOR_NAME = AccentColor;
				CODE_SIGN_STYLE = Automatic;
				CURRENT_PROJECT_VERSION = 1;
				DEVELOPMENT_TEAM = SJAHK6DYKA;
				GENERATE_INFOPLIST_FILE = YES;
				INFOPLIST_FILE = AppStore/Info.plist;
				INFOPLIST_KEY_UIApplicationSupportsIndirectInputEvents = YES;
				INFOPLIST_KEY_UILaunchStoryboardName = LaunchScreen;
				INFOPLIST_KEY_UIMainStoryboardFile = Main;
				INFOPLIST_KEY_UISupportedInterfaceOrientations_iPad = "UIInterfaceOrientationPortrait UIInterfaceOrientationPortraitUpsideDown UIInterfaceOrientationLandscapeLeft UIInterfaceOrientationLandscapeRight";
				INFOPLIST_KEY_UISupportedInterfaceOrientations_iPhone = "UIInterfaceOrientationPortrait UIInterfaceOrientationLandscapeLeft UIInterfaceOrientationLandscapeRight";
				LD_RUNPATH_SEARCH_PATHS = (
					"$(inherited)",
					"@executable_path/Frameworks",
				);
				MARKETING_VERSION = 1.0;
				PRODUCT_BUNDLE_IDENTIFIER = hakankorhasan.com.AppStore;
				PRODUCT_NAME = "$(TARGET_NAME)";
				SWIFT_EMIT_LOC_STRINGS = YES;
				SWIFT_VERSION = 5.0;
				TARGETED_DEVICE_FAMILY = "1,2";
			};
			name = Release;
		};
/* End XCBuildConfiguration section */

/* Begin XCConfigurationList section */
		7F228BD329FC0D3D00BCDFDB /* Build configuration list for PBXProject "AppStore" */ = {
			isa = XCConfigurationList;
			buildConfigurations = (
				7F228BEA29FC0D3E00BCDFDB /* Debug */,
				7F228BEB29FC0D3E00BCDFDB /* Release */,
			);
			defaultConfigurationIsVisible = 0;
			defaultConfigurationName = Release;
		};
		7F228BEC29FC0D3E00BCDFDB /* Build configuration list for PBXNativeTarget "AppStore" */ = {
			isa = XCConfigurationList;
			buildConfigurations = (
				7F228BED29FC0D3E00BCDFDB /* Debug */,
				7F228BEE29FC0D3E00BCDFDB /* Release */,
			);
			defaultConfigurationIsVisible = 0;
			defaultConfigurationName = Release;
		};
/* End XCConfigurationList section */
	};
	rootObject = 7F228BD029FC0D3D00BCDFDB /* Project object */;
}
